
Microsoft Visual Studio Solution File, Format Version 12.00
# Visual Studio 15
VisualStudioVersion = 15.0.28307.645
MinimumVisualStudioVersion = 10.0.40219.1
Project("{FAE04EC0-301F-11D3-BF4B-00C04F79EFBC}") = "XF.OutBackX.Android", "XF.OutBackX\XF.OutBackX.Android\XF.OutBackX.Android.csproj", "{82D2DE09-4D5A-48E6-9B7B-29686185274E}"
EndProject
Project("{FAE04EC0-301F-11D3-BF4B-00C04F79EFBC}") = "XF.OutBackX.iOS", "XF.OutBackX\XF.OutBackX.iOS\XF.OutBackX.iOS.csproj", "{344DCEF8-A603-4F78-A11C-F861E28976C7}"
EndProject
Project("{FAE04EC0-301F-11D3-BF4B-00C04F79EFBC}") = "XF.OutBackX", "XF.OutBackX\XF.OutBackX\XF.OutBackX.csproj", "{BEA93A49-5115-4869-9863-92CA58C6AE60}"
EndProject
Project("{FAE04EC0-301F-11D3-BF4B-00C04F79EFBC}") = "API.OutBackX", "API.OutBackX\API.OutBackX.csproj", "{C1071564-1B45-4D25-B97B-846BB66CE510}"
EndProject
Global
	GlobalSection(SolutionConfigurationPlatforms) = preSolution
		Ad-Hoc|Any CPU = Ad-Hoc|Any CPU
		Ad-Hoc|iPhone = Ad-Hoc|iPhone
		Ad-Hoc|iPhoneSimulator = Ad-Hoc|iPhoneSimulator
		AppStore|Any CPU = AppStore|Any CPU
		AppStore|iPhone = AppStore|iPhone
		AppStore|iPhoneSimulator = AppStore|iPhoneSimulator
		Debug|Any CPU = Debug|Any CPU
		Debug|iPhone = Debug|iPhone
		Debug|iPhoneSimulator = Debug|iPhoneSimulator
		Release|Any CPU = Release|Any CPU
		Release|iPhone = Release|iPhone
		Release|iPhoneSimulator = Release|iPhoneSimulator
	EndGlobalSection
	GlobalSection(ProjectConfigurationPlatforms) = postSolution
		{82D2DE09-4D5A-48E6-9B7B-29686185274E}.Ad-Hoc|Any CPU.ActiveCfg = Release|Any CPU
		{82D2DE09-4D5A-48E6-9B7B-29686185274E}.Ad-Hoc|Any CPU.Build.0 = Release|Any CPU
		{82D2DE09-4D5A-48E6-9B7B-29686185274E}.Ad-Hoc|Any CPU.Deploy.0 = Release|Any CPU
		{82D2DE09-4D5A-48E6-9B7B-29686185274E}.Ad-Hoc|iPhone.ActiveCfg = Release|Any CPU
		{82D2DE09-4D5A-48E6-9B7B-29686185274E}.Ad-Hoc|iPhone.Build.0 = Release|Any CPU
		{82D2DE09-4D5A-48E6-9B7B-29686185274E}.Ad-Hoc|iPhone.Deploy.0 = Release|Any CPU
		{82D2DE09-4D5A-48E6-9B7B-29686185274E}.Ad-Hoc|iPhoneSimulator.ActiveCfg = Release|Any CPU
		{82D2DE09-4D5A-48E6-9B7B-29686185274E}.Ad-Hoc|iPhoneSimulator.Build.0 = Release|Any CPU
		{82D2DE09-4D5A-48E6-9B7B-29686185274E}.Ad-Hoc|iPhoneSimulator.Deploy.0 = Release|Any CPU
		{82D2DE09-4D5A-48E6-9B7B-29686185274E}.AppStore|Any CPU.ActiveCfg = Release|Any CPU
		{82D2DE09-4D5A-48E6-9B7B-29686185274E}.AppStore|Any CPU.Build.0 = Release|Any CPU
		{82D2DE09-4D5A-48E6-9B7B-29686185274E}.AppStore|Any CPU.Deploy.0 = Release|Any CPU
		{82D2DE09-4D5A-48E6-9B7B-29686185274E}.AppStore|iPhone.ActiveCfg = Release|Any CPU
		{82D2DE09-4D5A-48E6-9B7B-29686185274E}.AppStore|iPhone.Build.0 = Release|Any CPU
		{82D2DE09-4D5A-48E6-9B7B-29686185274E}.AppStore|iPhone.Deploy.0 = Release|Any CPU
		{82D2DE09-4D5A-48E6-9B7B-29686185274E}.AppStore|iPhoneSimulator.ActiveCfg = Release|Any CPU
		{82D2DE09-4D5A-48E6-9B7B-29686185274E}.AppStore|iPhoneSimulator.Build.0 = Release|Any CPU
		{82D2DE09-4D5A-48E6-9B7B-29686185274E}.AppStore|iPhoneSimulator.Deploy.0 = Release|Any CPU
		{82D2DE09-4D5A-48E6-9B7B-29686185274E}.Debug|Any CPU.ActiveCfg = Debug|Any CPU
		{82D2DE09-4D5A-48E6-9B7B-29686185274E}.Debug|Any CPU.Build.0 = Debug|Any CPU
		{82D2DE09-4D5A-48E6-9B7B-29686185274E}.Debug|Any CPU.Deploy.0 = Debug|Any CPU
		{82D2DE09-4D5A-48E6-9B7B-29686185274E}.Debug|iPhone.ActiveCfg = Debug|Any CPU
		{82D2DE09-4D5A-48E6-9B7B-29686185274E}.Debug|iPhone.Build.0 = Debug|Any CPU
		{82D2DE09-4D5A-48E6-9B7B-29686185274E}.Debug|iPhone.Deploy.0 = Debug|Any CPU
		{82D2DE09-4D5A-48E6-9B7B-29686185274E}.Debug|iPhoneSimulator.ActiveCfg = Debug|Any CPU
		{82D2DE09-4D5A-48E6-9B7B-29686185274E}.Debug|iPhoneSimulator.Build.0 = Debug|Any CPU
		{82D2DE09-4D5A-48E6-9B7B-29686185274E}.Debug|iPhoneSimulator.Deploy.0 = Debug|Any CPU
		{82D2DE09-4D5A-48E6-9B7B-29686185274E}.Release|Any CPU.ActiveCfg = Release|Any CPU
		{82D2DE09-4D5A-48E6-9B7B-29686185274E}.Release|Any CPU.Build.0 = Release|Any CPU
		{82D2DE09-4D5A-48E6-9B7B-29686185274E}.Release|Any CPU.Deploy.0 = Release|Any CPU
		{82D2DE09-4D5A-48E6-9B7B-29686185274E}.Release|iPhone.ActiveCfg = Release|Any CPU
		{82D2DE09-4D5A-48E6-9B7B-29686185274E}.Release|iPhone.Build.0 = Release|Any CPU
		{82D2DE09-4D5A-48E6-9B7B-29686185274E}.Release|iPhone.Deploy.0 = Release|Any CPU
		{82D2DE09-4D5A-48E6-9B7B-29686185274E}.Release|iPhoneSimulator.ActiveCfg = Release|Any CPU
		{82D2DE09-4D5A-48E6-9B7B-29686185274E}.Release|iPhoneSimulator.Build.0 = Release|Any CPU
		{82D2DE09-4D5A-48E6-9B7B-29686185274E}.Release|iPhoneSimulator.Deploy.0 = Release|Any CPU
		{344DCEF8-A603-4F78-A11C-F861E28976C7}.Ad-Hoc|Any CPU.ActiveCfg = Ad-Hoc|iPhone
		{344DCEF8-A603-4F78-A11C-F861E28976C7}.Ad-Hoc|Any CPU.Build.0 = Ad-Hoc|iPhone
		{344DCEF8-A603-4F78-A11C-F861E28976C7}.Ad-Hoc|Any CPU.Deploy.0 = Ad-Hoc|iPhone
		{344DCEF8-A603-4F78-A11C-F861E28976C7}.Ad-Hoc|iPhone.ActiveCfg = Ad-Hoc|iPhone
		{344DCEF8-A603-4F78-A11C-F861E28976C7}.Ad-Hoc|iPhone.Build.0 = Ad-Hoc|iPhone
		{344DCEF8-A603-4F78-A11C-F861E28976C7}.Ad-Hoc|iPhone.Deploy.0 = Ad-Hoc|iPhone
		{344DCEF8-A603-4F78-A11C-F861E28976C7}.Ad-Hoc|iPhoneSimulator.ActiveCfg = Ad-Hoc|iPhoneSimulator
		{344DCEF8-A603-4F78-A11C-F861E28976C7}.Ad-Hoc|iPhoneSimulator.Build.0 = Ad-Hoc|iPhoneSimulator
		{344DCEF8-A603-4F78-A11C-F861E28976C7}.Ad-Hoc|iPhoneSimulator.Deploy.0 = Ad-Hoc|iPhoneSimulator
		{344DCEF8-A603-4F78-A11C-F861E28976C7}.AppStore|Any CPU.ActiveCfg = AppStore|iPhone
		{344DCEF8-A603-4F78-A11C-F861E28976C7}.AppStore|Any CPU.Build.0 = AppStore|iPhone
		{344DCEF8-A603-4F78-A11C-F861E28976C7}.AppStore|Any CPU.Deploy.0 = AppStore|iPhone
		{344DCEF8-A603-4F78-A11C-F861E28976C7}.AppStore|iPhone.ActiveCfg = AppStore|iPhone
		{344DCEF8-A603-4F78-A11C-F861E28976C7}.AppStore|iPhone.Build.0 = AppStore|iPhone
		{344DCEF8-A603-4F78-A11C-F861E28976C7}.AppStore|iPhone.Deploy.0 = AppStore|iPhone
		{344DCEF8-A603-4F78-A11C-F861E28976C7}.AppStore|iPhoneSimulator.ActiveCfg = AppStore|iPhoneSimulator
		{344DCEF8-A603-4F78-A11C-F861E28976C7}.AppStore|iPhoneSimulator.Build.0 = AppStore|iPhoneSimulator
		{344DCEF8-A603-4F78-A11C-F861E28976C7}.AppStore|iPhoneSimulator.Deploy.0 = AppStore|iPhoneSimulator
		{344DCEF8-A603-4F78-A11C-F861E28976C7}.Debug|Any CPU.ActiveCfg = Debug|iPhoneSimulator
		{344DCEF8-A603-4F78-A11C-F861E28976C7}.Debug|Any CPU.Build.0 = Debug|iPhoneSimulator
		{344DCEF8-A603-4F78-A11C-F861E28976C7}.Debug|Any CPU.Deploy.0 = Debug|iPhoneSimulator
		{344DCEF8-A603-4F78-A11C-F861E28976C7}.Debug|iPhone.ActiveCfg = Debug|iPhone
		{344DCEF8-A603-4F78-A11C-F861E28976C7}.Debug|iPhone.Build.0 = Debug|iPhone
		{344DCEF8-A603-4F78-A11C-F861E28976C7}.Debug|iPhone.Deploy.0 = Debug|iPhone
		{344DCEF8-A603-4F78-A11C-F861E28976C7}.Debug|iPhoneSimulator.ActiveCfg = Debug|iPhoneSimulator
		{344DCEF8-A603-4F78-A11C-F861E28976C7}.Debug|iPhoneSimulator.Build.0 = Debug|iPhoneSimulator
		{344DCEF8-A603-4F78-A11C-F861E28976C7}.Debug|iPhoneSimulator.Deploy.0 = Debug|iPhoneSimulator
		{344DCEF8-A603-4F78-A11C-F861E28976C7}.Release|Any CPU.ActiveCfg = Release|iPhone
		{344DCEF8-A603-4F78-A11C-F861E28976C7}.Release|Any CPU.Build.0 = Release|iPhone
		{344DCEF8-A603-4F78-A11C-F861E28976C7}.Release|Any CPU.Deploy.0 = Release|iPhone
		{344DCEF8-A603-4F78-A11C-F861E28976C7}.Release|iPhone.ActiveCfg = Release|iPhone
		{344DCEF8-A603-4F78-A11C-F861E28976C7}.Release|iPhone.Build.0 = Release|iPhone
		{344DCEF8-A603-4F78-A11C-F861E28976C7}.Release|iPhone.Deploy.0 = Release|iPhone
		{344DCEF8-A603-4F78-A11C-F861E28976C7}.Release|iPhoneSimulator.ActiveCfg = Release|iPhoneSimulator
		{344DCEF8-A603-4F78-A11C-F861E28976C7}.Release|iPhoneSimulator.Build.0 = Release|iPhoneSimulator
		{344DCEF8-A603-4F78-A11C-F861E28976C7}.Release|iPhoneSimulator.Deploy.0 = Release|iPhoneSimulator
		{BEA93A49-5115-4869-9863-92CA58C6AE60}.Ad-Hoc|Any CPU.ActiveCfg = Debug|Any CPU
		{BEA93A49-5115-4869-9863-92CA58C6AE60}.Ad-Hoc|Any CPU.Build.0 = Debug|Any CPU
		{BEA93A49-5115-4869-9863-92CA58C6AE60}.Ad-Hoc|Any CPU.Deploy.0 = Debug|Any CPU
		{BEA93A49-5115-4869-9863-92CA58C6AE60}.Ad-Hoc|iPhone.ActiveCfg = Debug|Any CPU
		{BEA93A49-5115-4869-9863-92CA58C6AE60}.Ad-Hoc|iPhone.Build.0 = Debug|Any CPU
		{BEA93A49-5115-4869-9863-92CA58C6AE60}.Ad-Hoc|iPhone.Deploy.0 = Debug|Any CPU
		{BEA93A49-5115-4869-9863-92CA58C6AE60}.Ad-Hoc|iPhoneSimulator.ActiveCfg = Debug|Any CPU
		{BEA93A49-5115-4869-9863-92CA58C6AE60}.Ad-Hoc|iPhoneSimulator.Build.0 = Debug|Any CPU
		{BEA93A49-5115-4869-9863-92CA58C6AE60}.Ad-Hoc|iPhoneSimulator.Deploy.0 = Debug|Any CPU
		{BEA93A49-5115-4869-9863-92CA58C6AE60}.AppStore|Any CPU.ActiveCfg = Debug|Any CPU
		{BEA93A49-5115-4869-9863-92CA58C6AE60}.AppStore|Any CPU.Build.0 = Debug|Any CPU
		{BEA93A49-5115-4869-9863-92CA58C6AE60}.AppStore|Any CPU.Deploy.0 = Debug|Any CPU
		{BEA93A49-5115-4869-9863-92CA58C6AE60}.AppStore|iPhone.ActiveCfg = Debug|Any CPU
		{BEA93A49-5115-4869-9863-92CA58C6AE60}.AppStore|iPhone.Build.0 = Debug|Any CPU
		{BEA93A49-5115-4869-9863-92CA58C6AE60}.AppStore|iPhone.Deploy.0 = Debug|Any CPU
		{BEA93A49-5115-4869-9863-92CA58C6AE60}.AppStore|iPhoneSimulator.ActiveCfg = Debug|Any CPU
		{BEA93A49-5115-4869-9863-92CA58C6AE60}.AppStore|iPhoneSimulator.Build.0 = Debug|Any CPU
		{BEA93A49-5115-4869-9863-92CA58C6AE60}.AppStore|iPhoneSimulator.Deploy.0 = Debug|Any CPU
		{BEA93A49-5115-4869-9863-92CA58C6AE60}.Debug|Any CPU.ActiveCfg = Debug|Any CPU
		{BEA93A49-5115-4869-9863-92CA58C6AE60}.Debug|Any CPU.Build.0 = Debug|Any CPU
		{BEA93A49-5115-4869-9863-92CA58C6AE60}.Debug|Any CPU.Deploy.0 = Debug|Any CPU
		{BEA93A49-5115-4869-9863-92CA58C6AE60}.Debug|iPhone.ActiveCfg = Debug|Any CPU
		{BEA93A49-5115-4869-9863-92CA58C6AE60}.Debug|iPhone.Build.0 = Debug|Any CPU
		{BEA93A49-5115-4869-9863-92CA58C6AE60}.Debug|iPhone.Deploy.0 = Debug|Any CPU
		{BEA93A49-5115-4869-9863-92CA58C6AE60}.Debug|iPhoneSimulator.ActiveCfg = Debug|Any CPU
		{BEA93A49-5115-4869-9863-92CA58C6AE60}.Debug|iPhoneSimulator.Build.0 = Debug|Any CPU
		{BEA93A49-5115-4869-9863-92CA58C6AE60}.Debug|iPhoneSimulator.Deploy.0 = Debug|Any CPU
		{BEA93A49-5115-4869-9863-92CA58C6AE60}.Release|Any CPU.ActiveCfg = Release|Any CPU
		{BEA93A49-5115-4869-9863-92CA58C6AE60}.Release|Any CPU.Build.0 = Release|Any CPU
		{BEA93A49-5115-4869-9863-92CA58C6AE60}.Release|Any CPU.Deploy.0 = Release|Any CPU
		{BEA93A49-5115-4869-9863-92CA58C6AE60}.Release|iPhone.ActiveCfg = Release|Any CPU
		{BEA93A49-5115-4869-9863-92CA58C6AE60}.Release|iPhone.Build.0 = Release|Any CPU
		{BEA93A49-5115-4869-9863-92CA58C6AE60}.Release|iPhone.Deploy.0 = Release|Any CPU
		{BEA93A49-5115-4869-9863-92CA58C6AE60}.Release|iPhoneSimulator.ActiveCfg = Release|Any CPU
		{BEA93A49-5115-4869-9863-92CA58C6AE60}.Release|iPhoneSimulator.Build.0 = Release|Any CPU
		{BEA93A49-5115-4869-9863-92CA58C6AE60}.Release|iPhoneSimulator.Deploy.0 = Release|Any CPU
		{C1071564-1B45-4D25-B97B-846BB66CE510}.Ad-Hoc|Any CPU.ActiveCfg = Release|Any CPU
		{C1071564-1B45-4D25-B97B-846BB66CE510}.Ad-Hoc|Any CPU.Build.0 = Release|Any CPU
		{C1071564-1B45-4D25-B97B-846BB66CE510}.Ad-Hoc|iPhone.ActiveCfg = Release|Any CPU
		{C1071564-1B45-4D25-B97B-846BB66CE510}.Ad-Hoc|iPhone.Build.0 = Release|Any CPU
		{C1071564-1B45-4D25-B97B-846BB66CE510}.Ad-Hoc|iPhoneSimulator.ActiveCfg = Release|Any CPU
		{C1071564-1B45-4D25-B97B-846BB66CE510}.Ad-Hoc|iPhoneSimulator.Build.0 = Release|Any CPU
		{C1071564-1B45-4D25-B97B-846BB66CE510}.AppStore|Any CPU.ActiveCfg = Release|Any CPU
		{C1071564-1B45-4D25-B97B-846BB66CE510}.AppStore|Any CPU.Build.0 = Release|Any CPU
		{C1071564-1B45-4D25-B97B-846BB66CE510}.AppStore|iPhone.ActiveCfg = Release|Any CPU
		{C1071564-1B45-4D25-B97B-846BB66CE510}.AppStore|iPhone.Build.0 = Release|Any CPU
		{C1071564-1B45-4D25-B97B-846BB66CE510}.AppStore|iPhoneSimulator.ActiveCfg = Release|Any CPU
		{C1071564-1B45-4D25-B97B-846BB66CE510}.AppStore|iPhoneSimulator.Build.0 = Release|Any CPU
		{C1071564-1B45-4D25-B97B-846BB66CE510}.Debug|Any CPU.ActiveCfg = Debug|Any CPU
		{C1071564-1B45-4D25-B97B-846BB66CE510}.Debug|Any CPU.Build.0 = Debug|Any CPU
		{C1071564-1B45-4D25-B97B-846BB66CE510}.Debug|iPhone.ActiveCfg = Debug|Any CPU
		{C1071564-1B45-4D25-B97B-846BB66CE510}.Debug|iPhone.Build.0 = Debug|Any CPU
		{C1071564-1B45-4D25-B97B-846BB66CE510}.Debug|iPhoneSimulator.ActiveCfg = Debug|Any CPU
		{C1071564-1B45-4D25-B97B-846BB66CE510}.Debug|iPhoneSimulator.Build.0 = Debug|Any CPU
		{C1071564-1B45-4D25-B97B-846BB66CE510}.Release|Any CPU.ActiveCfg = Release|Any CPU
		{C1071564-1B45-4D25-B97B-846BB66CE510}.Release|Any CPU.Build.0 = Release|Any CPU
		{C1071564-1B45-4D25-B97B-846BB66CE510}.Release|iPhone.ActiveCfg = Release|Any CPU
		{C1071564-1B45-4D25-B97B-846BB66CE510}.Release|iPhone.Build.0 = Release|Any CPU
		{C1071564-1B45-4D25-B97B-846BB66CE510}.Release|iPhoneSimulator.ActiveCfg = Release|Any CPU
		{C1071564-1B45-4D25-B97B-846BB66CE510}.Release|iPhoneSimulator.Build.0 = Release|Any CPU
	EndGlobalSection
	GlobalSection(SolutionProperties) = preSolution
		HideSolutionNode = FALSE
	EndGlobalSection
	GlobalSection(ExtensibilityGlobals) = postSolution
		SolutionGuid = {5FEFC867-AA57-4392-B3BB-9A1FBB0E8B71}
	EndGlobalSection
EndGlobal
